
Microsoft Visual Studio Solution File, Format Version 12.00
# Visual Studio Version 17
VisualStudioVersion = 17.1.32421.90
MinimumVisualStudioVersion = 10.0.40219.1
Project("{FAE04EC0-301F-11D3-BF4B-00C04F79EFBC}") = "basicCoreProg", "basicCoreProg\basicCoreProg.csproj", "{5E8CE1E7-3134-46D9-9D94-83BF4486F1B9}"
EndProject
Global
	GlobalSection(SolutionConfigurationPlatforms) = preSolution
		Debug|Any CPU = Debug|Any CPU
		Release|Any CPU = Release|Any CPU
	EndGlobalSection
	GlobalSection(ProjectConfigurationPlatforms) = postSolution
		{5E8CE1E7-3134-46D9-9D94-83BF4486F1B9}.Debug|Any CPU.ActiveCfg = Debug|Any CPU
		{5E8CE1E7-3134-46D9-9D94-83BF4486F1B9}.Debug|Any CPU.Build.0 = Debug|Any CPU
		{5E8CE1E7-3134-46D9-9D94-83BF4486F1B9}.Release|Any CPU.ActiveCfg = Release|Any CPU
		{5E8CE1E7-3134-46D9-9D94-83BF4486F1B9}.Release|Any CPU.Build.0 = Release|Any CPU
	EndGlobalSection
	GlobalSection(SolutionProperties) = preSolution
		HideSolutionNode = FALSE
	EndGlobalSection
	GlobalSection(ExtensibilityGlobals) = postSolution
		SolutionGuid = {4D23F8D1-5F51-4419-A658-3A168B2CB925}
	EndGlobalSection
EndGlobal
